<Solution>
  <Project Path="01 Välkomstsnurran/01 Välkomstsnurran.csproj" />
  <Project Path="02 Inmatningsskyddet/02 Inmatningsskyddet.csproj" />
  <Project Path="03 Räknaren/03 Räknaren.csproj" />
  <Project Path="04 Baklänges/04 Baklänges.csproj" />
  <Project Path="05 Namnlistan/05 Namnlistan.csproj" />
  <Project Path="06 Sökandet efter guld/06 Sökandet efter guld.csproj" Id="ade30ed2-b8b0-4cbc-a685-b9ff7bc8f8ad" />
</Solution>
