<Solution>
  <Project Path="01 Välkomstsnurran/01 Välkomstsnurran.csproj" />
  <Project Path="02 Inmatningsskyddet/02 Inmatningsskyddet.csproj" />
  <Project Path="03 Räknaren/03 Räknaren.csproj" />
  <Project Path="04 Baklänges/04 Baklänges.csproj" />
  <Project Path="05 Namnlistan/05 Namnlistan.csproj" />
  <Project Path="06 Sökandet efter guld/06 Sökandet efter guld.csproj" Id="ade30ed2-b8b0-4cbc-a685-b9ff7bc8f8ad" />
  <Project Path="07 Hoppa över dolda filer/07 Hoppa över dolda filer.csproj" Id="31e57d57-34c4-4b2c-8fb7-87fd26a09080" />
  <Project Path="08 Multiplikationstabellen/08 Multiplikationstabellen.csproj" Id="77cdc0c0-3f58-492e-aeae-e027f937d5cc" />
  <Project Path="09 Menyvalet med nödutgång/09 Menyvalet med nödutgång.csproj" Id="99f4227e-a408-4b35-b9ed-c2092b622814" />
</Solution>
